// !$*UTF8*$!
{
	archiveVersion = 1;
	classes = {
	};
	objectVersion = 46;
	objects = {

/* Begin PBXBuildFile section */
		AC381B0D1D6276DD00F4E6C3 /* TablaViewController.swift in Sources */ = {isa = PBXBuildFile; fileRef = AC381B0C1D6276DD00F4E6C3 /* TablaViewController.swift */; };
		CBAE62201D62236F00EA7A0F /* tablaControlar.swift in Sources */ = {isa = PBXBuildFile; fileRef = CBAE621F1D62236F00EA7A0F /* tablaControlar.swift */; };
		CBE6A6D21D60B49B00C78CC6 /* AppDelegate.swift in Sources */ = {isa = PBXBuildFile; fileRef = CBE6A6D11D60B49B00C78CC6 /* AppDelegate.swift */; };
		CBE6A6D41D60B49B00C78CC6 /* ViewController.swift in Sources */ = {isa = PBXBuildFile; fileRef = CBE6A6D31D60B49B00C78CC6 /* ViewController.swift */; };
		CBE6A6D71D60B49B00C78CC6 /* Main.storyboard in Resources */ = {isa = PBXBuildFile; fileRef = CBE6A6D51D60B49B00C78CC6 /* Main.storyboard */; };
		CBE6A6D91D60B49B00C78CC6 /* Assets.xcassets in Resources */ = {isa = PBXBuildFile; fileRef = CBE6A6D81D60B49B00C78CC6 /* Assets.xcassets */; };
		CBE6A6DC1D60B49B00C78CC6 /* LaunchScreen.storyboard in Resources */ = {isa = PBXBuildFile; fileRef = CBE6A6DA1D60B49B00C78CC6 /* LaunchScreen.storyboard */; };
		CBE6A6E51D60BDD100C78CC6 /* InicioViewController.swift in Sources */ = {isa = PBXBuildFile; fileRef = CBE6A6E41D60BDD100C78CC6 /* InicioViewController.swift */; };
		CBE6A6E71D60BE4500C78CC6 /* Produto.swift in Sources */ = {isa = PBXBuildFile; fileRef = CBE6A6E61D60BE4500C78CC6 /* Produto.swift */; };
		CBE6A6E91D60BE7900C78CC6 /* MListaViewController.swift in Sources */ = {isa = PBXBuildFile; fileRef = CBE6A6E81D60BE7900C78CC6 /* MListaViewController.swift */; };
/* End PBXBuildFile section */

/* Begin PBXFileReference section */
		AC381B0C1D6276DD00F4E6C3 /* TablaViewController.swift */ = {isa = PBXFileReference; fileEncoding = 4; lastKnownFileType = sourcecode.swift; path = TablaViewController.swift; sourceTree = "<group>"; };
		CBAE621F1D62236F00EA7A0F /* tablaControlar.swift */ = {isa = PBXFileReference; fileEncoding = 4; lastKnownFileType = sourcecode.swift; path = tablaControlar.swift; sourceTree = "<group>"; };
		CBE6A6CE1D60B49B00C78CC6 /* TrabalhoSwift.app */ = {isa = PBXFileReference; explicitFileType = wrapper.application; includeInIndex = 0; path = TrabalhoSwift.app; sourceTree = BUILT_PRODUCTS_DIR; };
		CBE6A6D11D60B49B00C78CC6 /* AppDelegate.swift */ = {isa = PBXFileReference; lastKnownFileType = sourcecode.swift; path = AppDelegate.swift; sourceTree = "<group>"; };
		CBE6A6D31D60B49B00C78CC6 /* ViewController.swift */ = {isa = PBXFileReference; lastKnownFileType = sourcecode.swift; path = ViewController.swift; sourceTree = "<group>"; };
		CBE6A6D61D60B49B00C78CC6 /* Base */ = {isa = PBXFileReference; lastKnownFileType = file.storyboard; name = Base; path = Base.lproj/Main.storyboard; sourceTree = "<group>"; };
		CBE6A6D81D60B49B00C78CC6 /* Assets.xcassets */ = {isa = PBXFileReference; lastKnownFileType = folder.assetcatalog; path = Assets.xcassets; sourceTree = "<group>"; };
		CBE6A6DB1D60B49B00C78CC6 /* Base */ = {isa = PBXFileReference; lastKnownFileType = file.storyboard; name = Base; path = Base.lproj/LaunchScreen.storyboard; sourceTree = "<group>"; };
		CBE6A6DD1D60B49B00C78CC6 /* Info.plist */ = {isa = PBXFileReference; lastKnownFileType = text.plist.xml; path = Info.plist; sourceTree = "<group>"; };
		CBE6A6E41D60BDD100C78CC6 /* InicioViewController.swift */ = {isa = PBXFileReference; fileEncoding = 4; lastKnownFileType = sourcecode.swift; path = InicioViewController.swift; sourceTree = "<group>"; };
		CBE6A6E61D60BE4500C78CC6 /* Produto.swift */ = {isa = PBXFileReference; fileEncoding = 4; lastKnownFileType = sourcecode.swift; path = Produto.swift; sourceTree = "<group>"; };
		CBE6A6E81D60BE7900C78CC6 /* MListaViewController.swift */ = {isa = PBXFileReference; fileEncoding = 4; lastKnownFileType = sourcecode.swift; path = MListaViewController.swift; sourceTree = "<group>"; };
/* End PBXFileReference section */

/* Begin PBXFrameworksBuildPhase section */
		CBE6A6CB1D60B49B00C78CC6 /* Frameworks */ = {
			isa = PBXFrameworksBuildPhase;
			buildActionMask = 2147483647;
			files = (
			);
			runOnlyForDeploymentPostprocessing = 0;
		};
/* End PBXFrameworksBuildPhase section */

/* Begin PBXGroup section */
		CBE6A6C51D60B49B00C78CC6 = {
			isa = PBXGroup;
			children = (
				CBAE621F1D62236F00EA7A0F /* tablaControlar.swift */,
				CBE6A6D01D60B49B00C78CC6 /* TrabalhoSwift */,
				CBE6A6CF1D60B49B00C78CC6 /* Products */,
			);
			sourceTree = "<group>";
		};
		CBE6A6CF1D60B49B00C78CC6 /* Products */ = {
			isa = PBXGroup;
			children = (
				CBE6A6CE1D60B49B00C78CC6 /* TrabalhoSwift.app */,
			);
			name = Products;
			sourceTree = "<group>";
		};
		CBE6A6D01D60B49B00C78CC6 /* TrabalhoSwift */ = {
			isa = PBXGroup;
			children = (
				CBE6A6E31D60B76700C78CC6 /* images */,
				CBE6A6D11D60B49B00C78CC6 /* AppDelegate.swift */,
				CBE6A6D31D60B49B00C78CC6 /* ViewController.swift */,
				CBE6A6D51D60B49B00C78CC6 /* Main.storyboard */,
				CBE6A6E81D60BE7900C78CC6 /* MListaViewController.swift */,
				CBE6A6E61D60BE4500C78CC6 /* Produto.swift */,
				CBE6A6E41D60BDD100C78CC6 /* InicioViewController.swift */,
				CBE6A6D81D60B49B00C78CC6 /* Assets.xcassets */,
				CBE6A6DA1D60B49B00C78CC6 /* LaunchScreen.storyboard */,
				CBE6A6DD1D60B49B00C78CC6 /* Info.plist */,
				AC381B0C1D6276DD00F4E6C3 /* TablaViewController.swift */,
			);
			path = TrabalhoSwift;
			sourceTree = "<group>";
		};
		CBE6A6E31D60B76700C78CC6 /* images */ = {
			isa = PBXGroup;
			children = (
			);
			name = images;
			sourceTree = "<group>";
		};
/* End PBXGroup section */

/* Begin PBXNativeTarget section */
		CBE6A6CD1D60B49B00C78CC6 /* TrabalhoSwift */ = {
			isa = PBXNativeTarget;
			buildConfigurationList = CBE6A6E01D60B49B00C78CC6 /* Build configuration list for PBXNativeTarget "TrabalhoSwift" */;
			buildPhases = (
				CBE6A6CA1D60B49B00C78CC6 /* Sources */,
				CBE6A6CB1D60B49B00C78CC6 /* Frameworks */,
				CBE6A6CC1D60B49B00C78CC6 /* Resources */,
			);
			buildRules = (
			);
			dependencies = (
			);
			name = TrabalhoSwift;
			productName = TrabalhoSwift;
			productReference = CBE6A6CE1D60B49B00C78CC6 /* TrabalhoSwift.app */;
			productType = "com.apple.product-type.application";
		};
/* End PBXNativeTarget section */

/* Begin PBXProject section */
		CBE6A6C61D60B49B00C78CC6 /* Project object */ = {
			isa = PBXProject;
			attributes = {
				LastSwiftUpdateCheck = 0730;
				LastUpgradeCheck = 0730;
				ORGANIZATIONNAME = FIAP;
				TargetAttributes = {
					CBE6A6CD1D60B49B00C78CC6 = {
						CreatedOnToolsVersion = 7.3;
						DevelopmentTeam = GC745S2QW5;
					};
				};
			};
			buildConfigurationList = CBE6A6C91D60B49B00C78CC6 /* Build configuration list for PBXProject "TrabalhoSwift" */;
			compatibilityVersion = "Xcode 3.2";
			developmentRegion = English;
			hasScannedForEncodings = 0;
			knownRegions = (
				en,
				Base,
			);
			mainGroup = CBE6A6C51D60B49B00C78CC6;
			productRefGroup = CBE6A6CF1D60B49B00C78CC6 /* Products */;
			projectDirPath = "";
			projectRoot = "";
			targets = (
				CBE6A6CD1D60B49B00C78CC6 /* TrabalhoSwift */,
			);
		};
/* End PBXProject section */

/* Begin PBXResourcesBuildPhase section */
		CBE6A6CC1D60B49B00C78CC6 /* Resources */ = {
			isa = PBXResourcesBuildPhase;
			buildActionMask = 2147483647;
			files = (
				CBE6A6DC1D60B49B00C78CC6 /* LaunchScreen.storyboard in Resources */,
				CBE6A6D91D60B49B00C78CC6 /* Assets.xcassets in Resources */,
				CBE6A6D71D60B49B00C78CC6 /* Main.storyboard in Resources */,
			);
			runOnlyForDeploymentPostprocessing = 0;
		};
/* End PBXResourcesBuildPhase section */

/* Begin PBXSourcesBuildPhase section */
		CBE6A6CA1D60B49B00C78CC6 /* Sources */ = {
			isa = PBXSourcesBuildPhase;
			buildActionMask = 2147483647;
			files = (
				CBE6A6D41D60B49B00C78CC6 /* ViewController.swift in Sources */,
				CBAE62201D62236F00EA7A0F /* tablaControlar.swift in Sources */,
				CBE6A6E71D60BE4500C78CC6 /* Produto.swift in Sources */,
				CBE6A6E51D60BDD100C78CC6 /* InicioViewController.swift in Sources */,
				AC381B0D1D6276DD00F4E6C3 /* TablaViewController.swift in Sources */,
				CBE6A6E91D60BE7900C78CC6 /* MListaViewController.swift in Sources */,
				CBE6A6D21D60B49B00C78CC6 /* AppDelegate.swift in Sources */,
			);
			runOnlyForDeploymentPostprocessing = 0;
		};
/* End PBXSourcesBuildPhase section */

/* Begin PBXVariantGroup section */
		CBE6A6D51D60B49B00C78CC6 /* Main.storyboard */ = {
			isa = PBXVariantGroup;
			children = (
				CBE6A6D61D60B49B00C78CC6 /* Base */,
			);
			name = Main.storyboard;
			sourceTree = "<group>";
		};
		CBE6A6DA1D60B49B00C78CC6 /* LaunchScreen.storyboard */ = {
			isa = PBXVariantGroup;
			children = (
				CBE6A6DB1D60B49B00C78CC6 /* Base */,
			);
			name = LaunchScreen.storyboard;
			sourceTree = "<group>";
		};
/* End PBXVariantGroup section */

/* Begin XCBuildConfiguration section */
		CBE6A6DE1D60B49B00C78CC6 /* Debug */ = {
			isa = XCBuildConfiguration;
			buildSettings = {
				ALWAYS_SEARCH_USER_PATHS = NO;
				CLANG_ANALYZER_NONNULL = YES;
				CLANG_CXX_LANGUAGE_STANDARD = "gnu++0x";
				CLANG_CXX_LIBRARY = "libc++";
				CLANG_ENABLE_MODULES = YES;
				CLANG_ENABLE_OBJC_ARC = YES;
				CLANG_WARN_BOOL_CONVERSION = YES;
				CLANG_WARN_CONSTANT_CONVERSION = YES;
				CLANG_WARN_DIRECT_OBJC_ISA_USAGE = YES_ERROR;
				CLANG_WARN_EMPTY_BODY = YES;
				CLANG_WARN_ENUM_CONVERSION = YES;
				CLANG_WARN_INT_CONVERSION = YES;
				CLANG_WARN_OBJC_ROOT_CLASS = YES_ERROR;
				CLANG_WARN_UNREACHABLE_CODE = YES;
				CLANG_WARN__DUPLICATE_METHOD_MATCH = YES;
				"CODE_SIGN_IDENTITY[sdk=iphoneos*]" = "iPhone Developer";
				COPY_PHASE_STRIP = NO;
				DEBUG_INFORMATION_FORMAT = dwarf;
				ENABLE_STRICT_OBJC_MSGSEND = YES;
				ENABLE_TESTABILITY = YES;
				GCC_C_LANGUAGE_STANDARD = gnu99;
				GCC_DYNAMIC_NO_PIC = NO;
				GCC_NO_COMMON_BLOCKS = YES;
				GCC_OPTIMIZATION_LEVEL = 0;
				GCC_PREPROCESSOR_DEFINITIONS = (
					"DEBUG=1",
					"$(inherited)",
				);
				GCC_WARN_64_TO_32_BIT_CONVERSION = YES;
				GCC_WARN_ABOUT_RETURN_TYPE = YES_ERROR;
				GCC_WARN_UNDECLARED_SELECTOR = YES;
				GCC_WARN_UNINITIALIZED_AUTOS = YES_AGGRESSIVE;
				GCC_WARN_UNUSED_FUNCTION = YES;
				GCC_WARN_UNUSED_VARIABLE = YES;
				IPHONEOS_DEPLOYMENT_TARGET = 9.3;
				MTL_ENABLE_DEBUG_INFO = YES;
				ONLY_ACTIVE_ARCH = YES;
				SDKROOT = iphoneos;
				SWIFT_OPTIMIZATION_LEVEL = "-Onone";
			};
			name = Debug;
		};
		CBE6A6DF1D60B49B00C78CC6 /* Release */ = {
			isa = XCBuildConfiguration;
			buildSettings = {
				ALWAYS_SEARCH_USER_PATHS = NO;
				CLANG_ANALYZER_NONNULL = YES;
				CLANG_CXX_LANGUAGE_STANDARD = "gnu++0x";
				CLANG_CXX_LIBRARY = "libc++";
				CLANG_ENABLE_MODULES = YES;
				CLANG_ENABLE_OBJC_ARC = YES;
				CLANG_WARN_BOOL_CONVERSION = YES;
				CLANG_WARN_CONSTANT_CONVERSION = YES;
				CLANG_WARN_DIRECT_OBJC_ISA_USAGE = YES_ERROR;
				CLANG_WARN_EMPTY_BODY = YES;
				CLANG_WARN_ENUM_CONVERSION = YES;
				CLANG_WARN_INT_CONVERSION = YES;
				CLANG_WARN_OBJC_ROOT_CLASS = YES_ERROR;
				CLANG_WARN_UNREACHABLE_CODE = YES;
				CLANG_WARN__DUPLICATE_METHOD_MATCH = YES;
				"CODE_SIGN_IDENTITY[sdk=iphoneos*]" = "iPhone Developer";
				COPY_PHASE_STRIP = NO;
				DEBUG_INFORMATION_FORMAT = "dwarf-with-dsym";
				ENABLE_NS_ASSERTIONS = NO;
				ENABLE_STRICT_OBJC_MSGSEND = YES;
				GCC_C_LANGUAGE_STANDARD = gnu99;
				GCC_NO_COMMON_BLOCKS = YES;
				GCC_WARN_64_TO_32_BIT_CONVERSION = YES;
				GCC_WARN_ABOUT_RETURN_TYPE = YES_ERROR;
				GCC_WARN_UNDECLARED_SELECTOR = YES;
				GCC_WARN_UNINITIALIZED_AUTOS = YES_AGGRESSIVE;
				GCC_WARN_UNUSED_FUNCTION = YES;
				GCC_WARN_UNUSED_VARIABLE = YES;
				IPHONEOS_DEPLOYMENT_TARGET = 9.3;
				MTL_ENABLE_DEBUG_INFO = NO;
				SDKROOT = iphoneos;
				VALIDATE_PRODUCT = YES;
			};
			name = Release;
		};
		CBE6A6E11D60B49B00C78CC6 /* Debug */ = {
			isa = XCBuildConfiguration;
			buildSettings = {
				ASSETCATALOG_COMPILER_APPICON_NAME = AppIcon;
				CODE_SIGN_IDENTITY = "iPhone Developer";
				"CODE_SIGN_IDENTITY[sdk=iphoneos*]" = "iPhone Developer";
				INFOPLIST_FILE = TrabalhoSwift/Info.plist;
				LD_RUNPATH_SEARCH_PATHS = "$(inherited) @executable_path/Frameworks";
				PRODUCT_BUNDLE_IDENTIFIER = COM.FIAP.TrabalhoSwift;
				PRODUCT_NAME = "$(TARGET_NAME)";
				PROVISIONING_PROFILE = "";
			};
			name = Debug;
		};
		CBE6A6E21D60B49B00C78CC6 /* Release */ = {
			isa = XCBuildConfiguration;
			buildSettings = {
				ASSETCATALOG_COMPILER_APPICON_NAME = AppIcon;
				CODE_SIGN_IDENTITY = "iPhone Developer";
				"CODE_SIGN_IDENTITY[sdk=iphoneos*]" = "iPhone Developer";
				INFOPLIST_FILE = TrabalhoSwift/Info.plist;
				LD_RUNPATH_SEARCH_PATHS = "$(inherited) @executable_path/Frameworks";
				PRODUCT_BUNDLE_IDENTIFIER = COM.FIAP.TrabalhoSwift;
				PRODUCT_NAME = "$(TARGET_NAME)";
				PROVISIONING_PROFILE = "";
			};
			name = Release;
		};
/* End XCBuildConfiguration section */

/* Begin XCConfigurationList section */
		CBE6A6C91D60B49B00C78CC6 /* Build configuration list for PBXProject "TrabalhoSwift" */ = {
			isa = XCConfigurationList;
			buildConfigurations = (
				CBE6A6DE1D60B49B00C78CC6 /* Debug */,
				CBE6A6DF1D60B49B00C78CC6 /* Release */,
			);
			defaultConfigurationIsVisible = 0;
			defaultConfigurationName = Release;
		};
		CBE6A6E01D60B49B00C78CC6 /* Build configuration list for PBXNativeTarget "TrabalhoSwift" */ = {
			isa = XCConfigurationList;
			buildConfigurations = (
				CBE6A6E11D60B49B00C78CC6 /* Debug */,
				CBE6A6E21D60B49B00C78CC6 /* Release */,
			);
			defaultConfigurationIsVisible = 0;
			defaultConfigurationName = Release;
		};
/* End XCConfigurationList section */
	};
	rootObject = CBE6A6C61D60B49B00C78CC6 /* Project object */;
}
